{
  "name": "chat_app",
  "lockfileVersion": 2,
  "requires": true,
  "packages": {
    "": {
      "dependencies": {
        "emoji-picker-element": "^1.26.3"
      }
    },
    "node_modules/emoji-picker-element": {
      "version": "1.26.3",
      "resolved": "https://registry.npmjs.org/emoji-picker-element/-/emoji-picker-element-1.26.3.tgz",
      "integrity": "sha512-fOMG44d/3OqTe1pPqlu5H4ZtWg7gK4Le6Bt24JTKtDyce5+EO3Mo8WA95cKHbPSsSsg7ehM12M1x3Y6U6fgvTQ=="
    }
  },
  "dependencies": {
    "emoji-picker-element": {
      "version": "1.26.3",
      "resolved": "https://registry.npmjs.org/emoji-picker-element/-/emoji-picker-element-1.26.3.tgz",
      "integrity": "sha512-fOMG44d/3OqTe1pPqlu5H4ZtWg7gK4Le6Bt24JTKtDyce5+EO3Mo8WA95cKHbPSsSsg7ehM12M1x3Y6U6fgvTQ=="
    }
  }
}
